
Microsoft Visual Studio Solution File, Format Version 12.00
# Visual Studio Version 17
VisualStudioVersion = 17.14.37710.0 d17.14
MinimumVisualStudioVersion = 10.0.40219.1
Project("{FAE04EC0-301F-11D3-BF4B-00C04F79EFBC}") = "assigment_1", "assigment_1\assigment_1.csproj", "{1BE581B4-4991-4541-BFC9-F6A47C9643C9}"
EndProject
Global
	GlobalSection(SolutionConfigurationPlatforms) = preSolution
		Debug|Any CPU = Debug|Any CPU
		Release|Any CPU = Release|Any CPU
	EndGlobalSection
	GlobalSection(ProjectConfigurationPlatforms) = postSolution
		{1BE581B4-4991-4541-BFC9-F6A47C9643C9}.Debug|Any CPU.ActiveCfg = Debug|Any CPU
		{1BE581B4-4991-4541-BFC9-F6A47C9643C9}.Debug|Any CPU.Build.0 = Debug|Any CPU
		{1BE581B4-4991-4541-BFC9-F6A47C9643C9}.Release|Any CPU.ActiveCfg = Release|Any CPU
		{1BE581B4-4991-4541-BFC9-F6A47C9643C9}.Release|Any CPU.Build.0 = Release|Any CPU
	EndGlobalSection
	GlobalSection(SolutionProperties) = preSolution
		HideSolutionNode = FALSE
	EndGlobalSection
	GlobalSection(ExtensibilityGlobals) = postSolution
		SolutionGuid = {FFEDB152-3405-444B-A329-ACF92868813E}
	EndGlobalSection
EndGlobal
